{
  "name": "fbc",
  "version": "1.0.0",
  "lockfileVersion": 1,
  "requires": true,
  "dependencies": {
    "async-limiter": {
      "version": "1.0.0",
      "resolved": "https://registry.npmjs.org/async-limiter/-/async-limiter-1.0.0.tgz",
      "integrity": "sha512-jp/uFnooOiO+L211eZOoSyzpOITMXx1rBITauYykG3BRYPu8h0UcxsPNB04RR5vo4Tyz3+ay17tR6JVf9qzYWg=="
    },
    "coffeescript": {
      "version": "2.3.0",
      "resolved": "https://registry.npmjs.org/coffeescript/-/coffeescript-2.3.0.tgz",
      "integrity": "sha512-M1AINTgv6EvFAK92LeaYdHUzsTE+j97kBQyLHjfnMz1jh21rJMjdTe471Zgs+qK7Tavpbh5e4pP2VxcRTFxm9A==",
      "dev": true
    },
    "ws": {
      "version": "5.1.1",
      "resolved": "https://registry.npmjs.org/ws/-/ws-5.1.1.tgz",
      "integrity": "sha512-bOusvpCb09TOBLbpMKszd45WKC2KPtxiyiHanv+H2DE3Az+1db5a/L7sVJZVDPUC1Br8f0SKRr1KjLpD1U/IAw==",
      "requires": {
        "async-limiter": "1.0.0"
      }
    }
  }
}
